
Microsoft Visual Studio Solution File, Format Version 12.00
# Visual Studio 15
VisualStudioVersion = 15.0.27703.2000
MinimumVisualStudioVersion = 10.0.40219.1
Project("{9A19103F-16F7-4668-BE54-9A1E7A4F7556}") = "AWSServerless", "AWSServerless\AWSServerless.csproj", "{2BC8EF46-114E-4CF4-BC06-317A2884432C}"
EndProject
Global
	GlobalSection(SolutionConfigurationPlatforms) = preSolution
		Debug|Any CPU = Debug|Any CPU
		Release|Any CPU = Release|Any CPU
	EndGlobalSection
	GlobalSection(ProjectConfigurationPlatforms) = postSolution
		{2BC8EF46-114E-4CF4-BC06-317A2884432C}.Debug|Any CPU.ActiveCfg = Debug|Any CPU
		{2BC8EF46-114E-4CF4-BC06-317A2884432C}.Debug|Any CPU.Build.0 = Debug|Any CPU
		{2BC8EF46-114E-4CF4-BC06-317A2884432C}.Release|Any CPU.ActiveCfg = Release|Any CPU
		{2BC8EF46-114E-4CF4-BC06-317A2884432C}.Release|Any CPU.Build.0 = Release|Any CPU
	EndGlobalSection
	GlobalSection(SolutionProperties) = preSolution
		HideSolutionNode = FALSE
	EndGlobalSection
	GlobalSection(ExtensibilityGlobals) = postSolution
		SolutionGuid = {FA5D206F-DBB2-4C04-89C3-08F9D6B732CE}
	EndGlobalSection
EndGlobal
